
Microsoft Visual Studio Solution File, Format Version 12.00
Project("{FAE04EC0-301F-11D3-BF4B-00C04F79EFBC}") = "MeepleBot", "MeepleBot\MeepleBot.csproj", "{06C44F44-4B4D-4219-83CF-8973E45754E2}"
EndProject
Global
	GlobalSection(SolutionConfigurationPlatforms) = preSolution
		Debug|Any CPU = Debug|Any CPU
		Release|Any CPU = Release|Any CPU
		Deploy|linux-arm64 = Deploy|linux-arm64
	EndGlobalSection
	GlobalSection(ProjectConfigurationPlatforms) = postSolution
		{06C44F44-4B4D-4219-83CF-8973E45754E2}.Debug|Any CPU.ActiveCfg = Debug|Any CPU
		{06C44F44-4B4D-4219-83CF-8973E45754E2}.Debug|Any CPU.Build.0 = Debug|Any CPU
		{06C44F44-4B4D-4219-83CF-8973E45754E2}.Release|Any CPU.ActiveCfg = Release|Any CPU
		{06C44F44-4B4D-4219-83CF-8973E45754E2}.Release|Any CPU.Build.0 = Release|Any CPU
		{06C44F44-4B4D-4219-83CF-8973E45754E2}.Deploy|linux-arm64.ActiveCfg = Deploy|linux-arm64
		{06C44F44-4B4D-4219-83CF-8973E45754E2}.Deploy|linux-arm64.Deploy.0 = Deploy|linux-arm64
	EndGlobalSection
EndGlobal
